Microsoft Visual Studio Solution File, Format Version 12.00
# Visual Studio Version 17
VisualStudioVersion = 17.5.2.0
MinimumVisualStudioVersion = 10.0.40219.1
Project("{FAE04EC0-301F-11D3-BF4B-00C04F79EFBC}") = "exURI1014", "exURI1014.csproj", "{4E3AF286-C948-F8E6-7C98-86C82E81A463}"
EndProject
Global
	GlobalSection(SolutionConfigurationPlatforms) = preSolution
		Debug|Any CPU = Debug|Any CPU
		Release|Any CPU = Release|Any CPU
	EndGlobalSection
	GlobalSection(ProjectConfigurationPlatforms) = postSolution
		{4E3AF286-C948-F8E6-7C98-86C82E81A463}.Debug|Any CPU.ActiveCfg = Debug|Any CPU
		{4E3AF286-C948-F8E6-7C98-86C82E81A463}.Debug|Any CPU.Build.0 = Debug|Any CPU
		{4E3AF286-C948-F8E6-7C98-86C82E81A463}.Release|Any CPU.ActiveCfg = Release|Any CPU
		{4E3AF286-C948-F8E6-7C98-86C82E81A463}.Release|Any CPU.Build.0 = Release|Any CPU
	EndGlobalSection
	GlobalSection(SolutionProperties) = preSolution
		HideSolutionNode = FALSE
	EndGlobalSection
	GlobalSection(ExtensibilityGlobals) = postSolution
		SolutionGuid = {798F4820-F676-4548-992D-72C6BBD1B0BE}
	EndGlobalSection
EndGlobal
