Microsoft Visual Studio Solution File, Format Version 12.00
# Visual Studio Version 17
VisualStudioVersion = 17.5.2.0
MinimumVisualStudioVersion = 10.0.40219.1
Project("{FAE04EC0-301F-11D3-BF4B-00C04F79EFBC}") = "exURI1078", "exURI1078.csproj", "{7A92985F-8CDF-BC8E-98E9-9AADB15F2C80}"
EndProject
Global
	GlobalSection(SolutionConfigurationPlatforms) = preSolution
		Debug|Any CPU = Debug|Any CPU
		Release|Any CPU = Release|Any CPU
	EndGlobalSection
	GlobalSection(ProjectConfigurationPlatforms) = postSolution
		{7A92985F-8CDF-BC8E-98E9-9AADB15F2C80}.Debug|Any CPU.ActiveCfg = Debug|Any CPU
		{7A92985F-8CDF-BC8E-98E9-9AADB15F2C80}.Debug|Any CPU.Build.0 = Debug|Any CPU
		{7A92985F-8CDF-BC8E-98E9-9AADB15F2C80}.Release|Any CPU.ActiveCfg = Release|Any CPU
		{7A92985F-8CDF-BC8E-98E9-9AADB15F2C80}.Release|Any CPU.Build.0 = Release|Any CPU
	EndGlobalSection
	GlobalSection(SolutionProperties) = preSolution
		HideSolutionNode = FALSE
	EndGlobalSection
	GlobalSection(ExtensibilityGlobals) = postSolution
		SolutionGuid = {B39F2838-43BF-456B-AD78-119CB155F0EB}
	EndGlobalSection
EndGlobal
