Microsoft Visual Studio Solution File, Format Version 12.00
# Visual Studio Version 17
VisualStudioVersion = 17.5.2.0
MinimumVisualStudioVersion = 10.0.40219.1
Project("{FAE04EC0-301F-11D3-BF4B-00C04F79EFBC}") = "exURI1042", "exURI1042.csproj", "{9DA06525-5932-2AAD-516D-F606863B0956}"
EndProject
Global
	GlobalSection(SolutionConfigurationPlatforms) = preSolution
		Debug|Any CPU = Debug|Any CPU
		Release|Any CPU = Release|Any CPU
	EndGlobalSection
	GlobalSection(ProjectConfigurationPlatforms) = postSolution
		{9DA06525-5932-2AAD-516D-F606863B0956}.Debug|Any CPU.ActiveCfg = Debug|Any CPU
		{9DA06525-5932-2AAD-516D-F606863B0956}.Debug|Any CPU.Build.0 = Debug|Any CPU
		{9DA06525-5932-2AAD-516D-F606863B0956}.Release|Any CPU.ActiveCfg = Release|Any CPU
		{9DA06525-5932-2AAD-516D-F606863B0956}.Release|Any CPU.Build.0 = Release|Any CPU
	EndGlobalSection
	GlobalSection(SolutionProperties) = preSolution
		HideSolutionNode = FALSE
	EndGlobalSection
	GlobalSection(ExtensibilityGlobals) = postSolution
		SolutionGuid = {3D1EC54A-6CC5-4EE4-91E1-F139A9227C2C}
	EndGlobalSection
EndGlobal
