Microsoft Visual Studio Solution File, Format Version 12.00
# Visual Studio Version 17
VisualStudioVersion = 17.5.2.0
MinimumVisualStudioVersion = 10.0.40219.1
Project("{FAE04EC0-301F-11D3-BF4B-00C04F79EFBC}") = "exURI1061", "exURI1061.csproj", "{19753CD8-3655-2E80-6A6E-136D88890149}"
EndProject
Global
	GlobalSection(SolutionConfigurationPlatforms) = preSolution
		Debug|Any CPU = Debug|Any CPU
		Release|Any CPU = Release|Any CPU
	EndGlobalSection
	GlobalSection(ProjectConfigurationPlatforms) = postSolution
		{19753CD8-3655-2E80-6A6E-136D88890149}.Debug|Any CPU.ActiveCfg = Debug|Any CPU
		{19753CD8-3655-2E80-6A6E-136D88890149}.Debug|Any CPU.Build.0 = Debug|Any CPU
		{19753CD8-3655-2E80-6A6E-136D88890149}.Release|Any CPU.ActiveCfg = Release|Any CPU
		{19753CD8-3655-2E80-6A6E-136D88890149}.Release|Any CPU.Build.0 = Release|Any CPU
	EndGlobalSection
	GlobalSection(SolutionProperties) = preSolution
		HideSolutionNode = FALSE
	EndGlobalSection
	GlobalSection(ExtensibilityGlobals) = postSolution
		SolutionGuid = {4A5FDB52-B571-4724-AA39-D7250B0F2229}
	EndGlobalSection
EndGlobal
