Microsoft Visual Studio Solution File, Format Version 12.00
# Visual Studio Version 17
VisualStudioVersion = 17.5.2.0
MinimumVisualStudioVersion = 10.0.40219.1
Project("{FAE04EC0-301F-11D3-BF4B-00C04F79EFBC}") = "exURI1036", "exURI1036.csproj", "{0AB42DC6-F046-4EA4-67BE-8567C4BCFCDB}"
EndProject
Global
	GlobalSection(SolutionConfigurationPlatforms) = preSolution
		Debug|Any CPU = Debug|Any CPU
		Release|Any CPU = Release|Any CPU
	EndGlobalSection
	GlobalSection(ProjectConfigurationPlatforms) = postSolution
		{0AB42DC6-F046-4EA4-67BE-8567C4BCFCDB}.Debug|Any CPU.ActiveCfg = Debug|Any CPU
		{0AB42DC6-F046-4EA4-67BE-8567C4BCFCDB}.Debug|Any CPU.Build.0 = Debug|Any CPU
		{0AB42DC6-F046-4EA4-67BE-8567C4BCFCDB}.Release|Any CPU.ActiveCfg = Release|Any CPU
		{0AB42DC6-F046-4EA4-67BE-8567C4BCFCDB}.Release|Any CPU.Build.0 = Release|Any CPU
	EndGlobalSection
	GlobalSection(SolutionProperties) = preSolution
		HideSolutionNode = FALSE
	EndGlobalSection
	GlobalSection(ExtensibilityGlobals) = postSolution
		SolutionGuid = {EC57098E-FED3-4BD3-AEF2-1D53467C25BE}
	EndGlobalSection
EndGlobal
