Microsoft Visual Studio Solution File, Format Version 12.00
# Visual Studio Version 17
VisualStudioVersion = 17.5.2.0
MinimumVisualStudioVersion = 10.0.40219.1
Project("{FAE04EC0-301F-11D3-BF4B-00C04F79EFBC}") = "exURI1017", "exURI1017.csproj", "{293899AA-DDC6-5A2E-4630-F6C438A7DF27}"
EndProject
Global
	GlobalSection(SolutionConfigurationPlatforms) = preSolution
		Debug|Any CPU = Debug|Any CPU
		Release|Any CPU = Release|Any CPU
	EndGlobalSection
	GlobalSection(ProjectConfigurationPlatforms) = postSolution
		{293899AA-DDC6-5A2E-4630-F6C438A7DF27}.Debug|Any CPU.ActiveCfg = Debug|Any CPU
		{293899AA-DDC6-5A2E-4630-F6C438A7DF27}.Debug|Any CPU.Build.0 = Debug|Any CPU
		{293899AA-DDC6-5A2E-4630-F6C438A7DF27}.Release|Any CPU.ActiveCfg = Release|Any CPU
		{293899AA-DDC6-5A2E-4630-F6C438A7DF27}.Release|Any CPU.Build.0 = Release|Any CPU
	EndGlobalSection
	GlobalSection(SolutionProperties) = preSolution
		HideSolutionNode = FALSE
	EndGlobalSection
	GlobalSection(ExtensibilityGlobals) = postSolution
		SolutionGuid = {2787BF09-AA8D-42D7-9F60-8B72C13D0528}
	EndGlobalSection
EndGlobal
