Microsoft Visual Studio Solution File, Format Version 12.00
# Visual Studio Version 17
VisualStudioVersion = 17.5.2.0
MinimumVisualStudioVersion = 10.0.40219.1
Project("{FAE04EC0-301F-11D3-BF4B-00C04F79EFBC}") = "exercicioMatrizNelio01", "exercicioMatrizNelio01.csproj", "{676400AC-948E-2D7D-CD5D-F25E1B0A79E4}"
EndProject
Global
	GlobalSection(SolutionConfigurationPlatforms) = preSolution
		Debug|Any CPU = Debug|Any CPU
		Release|Any CPU = Release|Any CPU
	EndGlobalSection
	GlobalSection(ProjectConfigurationPlatforms) = postSolution
		{676400AC-948E-2D7D-CD5D-F25E1B0A79E4}.Debug|Any CPU.ActiveCfg = Debug|Any CPU
		{676400AC-948E-2D7D-CD5D-F25E1B0A79E4}.Debug|Any CPU.Build.0 = Debug|Any CPU
		{676400AC-948E-2D7D-CD5D-F25E1B0A79E4}.Release|Any CPU.ActiveCfg = Release|Any CPU
		{676400AC-948E-2D7D-CD5D-F25E1B0A79E4}.Release|Any CPU.Build.0 = Release|Any CPU
	EndGlobalSection
	GlobalSection(SolutionProperties) = preSolution
		HideSolutionNode = FALSE
	EndGlobalSection
	GlobalSection(ExtensibilityGlobals) = postSolution
		SolutionGuid = {D188696A-DAD5-4941-B297-03501EF75060}
	EndGlobalSection
EndGlobal
