Microsoft Visual Studio Solution File, Format Version 12.00
# Visual Studio Version 17
VisualStudioVersion = 17.5.2.0
MinimumVisualStudioVersion = 10.0.40219.1
Project("{FAE04EC0-301F-11D3-BF4B-00C04F79EFBC}") = "exURI1037", "exURI1037.csproj", "{3BDB5D9B-64F2-FA67-F83E-AAD785CC1279}"
EndProject
Global
	GlobalSection(SolutionConfigurationPlatforms) = preSolution
		Debug|Any CPU = Debug|Any CPU
		Release|Any CPU = Release|Any CPU
	EndGlobalSection
	GlobalSection(ProjectConfigurationPlatforms) = postSolution
		{3BDB5D9B-64F2-FA67-F83E-AAD785CC1279}.Debug|Any CPU.ActiveCfg = Debug|Any CPU
		{3BDB5D9B-64F2-FA67-F83E-AAD785CC1279}.Debug|Any CPU.Build.0 = Debug|Any CPU
		{3BDB5D9B-64F2-FA67-F83E-AAD785CC1279}.Release|Any CPU.ActiveCfg = Release|Any CPU
		{3BDB5D9B-64F2-FA67-F83E-AAD785CC1279}.Release|Any CPU.Build.0 = Release|Any CPU
	EndGlobalSection
	GlobalSection(SolutionProperties) = preSolution
		HideSolutionNode = FALSE
	EndGlobalSection
	GlobalSection(ExtensibilityGlobals) = postSolution
		SolutionGuid = {BD353BBF-6948-4638-A7F6-B2CB82360B0B}
	EndGlobalSection
EndGlobal
