Microsoft Visual Studio Solution File, Format Version 12.00
# Visual Studio Version 17
VisualStudioVersion = 17.5.2.0
MinimumVisualStudioVersion = 10.0.40219.1
Project("{FAE04EC0-301F-11D3-BF4B-00C04F79EFBC}") = "exURI1073", "exURI1073.csproj", "{DC1F6A13-928E-4A33-92D4-0782F0F28223}"
EndProject
Global
	GlobalSection(SolutionConfigurationPlatforms) = preSolution
		Debug|Any CPU = Debug|Any CPU
		Release|Any CPU = Release|Any CPU
	EndGlobalSection
	GlobalSection(ProjectConfigurationPlatforms) = postSolution
		{DC1F6A13-928E-4A33-92D4-0782F0F28223}.Debug|Any CPU.ActiveCfg = Debug|Any CPU
		{DC1F6A13-928E-4A33-92D4-0782F0F28223}.Debug|Any CPU.Build.0 = Debug|Any CPU
		{DC1F6A13-928E-4A33-92D4-0782F0F28223}.Release|Any CPU.ActiveCfg = Release|Any CPU
		{DC1F6A13-928E-4A33-92D4-0782F0F28223}.Release|Any CPU.Build.0 = Release|Any CPU
	EndGlobalSection
	GlobalSection(SolutionProperties) = preSolution
		HideSolutionNode = FALSE
	EndGlobalSection
	GlobalSection(ExtensibilityGlobals) = postSolution
		SolutionGuid = {B04CAC52-C000-4557-A8F3-D1425D80DCBC}
	EndGlobalSection
EndGlobal
