Microsoft Visual Studio Solution File, Format Version 12.00
# Visual Studio Version 17
VisualStudioVersion = 17.5.2.0
MinimumVisualStudioVersion = 10.0.40219.1
Project("{FAE04EC0-301F-11D3-BF4B-00C04F79EFBC}") = "exURI1066", "exURI1066.csproj", "{511CD298-23F3-EC6B-BE44-AD5E88F97438}"
EndProject
Global
	GlobalSection(SolutionConfigurationPlatforms) = preSolution
		Debug|Any CPU = Debug|Any CPU
		Release|Any CPU = Release|Any CPU
	EndGlobalSection
	GlobalSection(ProjectConfigurationPlatforms) = postSolution
		{511CD298-23F3-EC6B-BE44-AD5E88F97438}.Debug|Any CPU.ActiveCfg = Debug|Any CPU
		{511CD298-23F3-EC6B-BE44-AD5E88F97438}.Debug|Any CPU.Build.0 = Debug|Any CPU
		{511CD298-23F3-EC6B-BE44-AD5E88F97438}.Release|Any CPU.ActiveCfg = Release|Any CPU
		{511CD298-23F3-EC6B-BE44-AD5E88F97438}.Release|Any CPU.Build.0 = Release|Any CPU
	EndGlobalSection
	GlobalSection(SolutionProperties) = preSolution
		HideSolutionNode = FALSE
	EndGlobalSection
	GlobalSection(ExtensibilityGlobals) = postSolution
		SolutionGuid = {356C494B-2C9F-4918-AD17-2FBC9A59EB27}
	EndGlobalSection
EndGlobal
