Microsoft Visual Studio Solution File, Format Version 12.00
# Visual Studio Version 17
VisualStudioVersion = 17.5.2.0
MinimumVisualStudioVersion = 10.0.40219.1
Project("{FAE04EC0-301F-11D3-BF4B-00C04F79EFBC}") = "exURI1075", "exURI1075.csproj", "{EDFC6EF5-1F1F-E444-0D09-8582369DC2DD}"
EndProject
Global
	GlobalSection(SolutionConfigurationPlatforms) = preSolution
		Debug|Any CPU = Debug|Any CPU
		Release|Any CPU = Release|Any CPU
	EndGlobalSection
	GlobalSection(ProjectConfigurationPlatforms) = postSolution
		{EDFC6EF5-1F1F-E444-0D09-8582369DC2DD}.Debug|Any CPU.ActiveCfg = Debug|Any CPU
		{EDFC6EF5-1F1F-E444-0D09-8582369DC2DD}.Debug|Any CPU.Build.0 = Debug|Any CPU
		{EDFC6EF5-1F1F-E444-0D09-8582369DC2DD}.Release|Any CPU.ActiveCfg = Release|Any CPU
		{EDFC6EF5-1F1F-E444-0D09-8582369DC2DD}.Release|Any CPU.Build.0 = Release|Any CPU
	EndGlobalSection
	GlobalSection(SolutionProperties) = preSolution
		HideSolutionNode = FALSE
	EndGlobalSection
	GlobalSection(ExtensibilityGlobals) = postSolution
		SolutionGuid = {634B98F4-DB55-4BB5-ADE5-B37DA7F106E0}
	EndGlobalSection
EndGlobal
