Microsoft Visual Studio Solution File, Format Version 12.00
# Visual Studio Version 17
VisualStudioVersion = 17.5.2.0
MinimumVisualStudioVersion = 10.0.40219.1
Project("{FAE04EC0-301F-11D3-BF4B-00C04F79EFBC}") = "alfabeto", "alfabeto.csproj", "{C9012C68-8629-06BC-9964-B98FBD416892}"
EndProject
Global
	GlobalSection(SolutionConfigurationPlatforms) = preSolution
		Debug|Any CPU = Debug|Any CPU
		Release|Any CPU = Release|Any CPU
	EndGlobalSection
	GlobalSection(ProjectConfigurationPlatforms) = postSolution
		{C9012C68-8629-06BC-9964-B98FBD416892}.Debug|Any CPU.ActiveCfg = Debug|Any CPU
		{C9012C68-8629-06BC-9964-B98FBD416892}.Debug|Any CPU.Build.0 = Debug|Any CPU
		{C9012C68-8629-06BC-9964-B98FBD416892}.Release|Any CPU.ActiveCfg = Release|Any CPU
		{C9012C68-8629-06BC-9964-B98FBD416892}.Release|Any CPU.Build.0 = Release|Any CPU
	EndGlobalSection
	GlobalSection(SolutionProperties) = preSolution
		HideSolutionNode = FALSE
	EndGlobalSection
	GlobalSection(ExtensibilityGlobals) = postSolution
		SolutionGuid = {E41A600C-BBCC-4B97-8F3B-8DCD1DF6DBFD}
	EndGlobalSection
EndGlobal
