Microsoft Visual Studio Solution File, Format Version 12.00
# Visual Studio Version 17
VisualStudioVersion = 17.5.2.0
MinimumVisualStudioVersion = 10.0.40219.1
Project("{FAE04EC0-301F-11D3-BF4B-00C04F79EFBC}") = "exURI1051", "exURI1051.csproj", "{D841AC04-6EDC-221E-E654-FF679374ED9D}"
EndProject
Global
	GlobalSection(SolutionConfigurationPlatforms) = preSolution
		Debug|Any CPU = Debug|Any CPU
		Release|Any CPU = Release|Any CPU
	EndGlobalSection
	GlobalSection(ProjectConfigurationPlatforms) = postSolution
		{D841AC04-6EDC-221E-E654-FF679374ED9D}.Debug|Any CPU.ActiveCfg = Debug|Any CPU
		{D841AC04-6EDC-221E-E654-FF679374ED9D}.Debug|Any CPU.Build.0 = Debug|Any CPU
		{D841AC04-6EDC-221E-E654-FF679374ED9D}.Release|Any CPU.ActiveCfg = Release|Any CPU
		{D841AC04-6EDC-221E-E654-FF679374ED9D}.Release|Any CPU.Build.0 = Release|Any CPU
	EndGlobalSection
	GlobalSection(SolutionProperties) = preSolution
		HideSolutionNode = FALSE
	EndGlobalSection
	GlobalSection(ExtensibilityGlobals) = postSolution
		SolutionGuid = {054B9B09-EB83-48B5-8D72-EE8115F82EF9}
	EndGlobalSection
EndGlobal
