Microsoft Visual Studio Solution File, Format Version 12.00
# Visual Studio Version 17
VisualStudioVersion = 17.5.2.0
MinimumVisualStudioVersion = 10.0.40219.1
Project("{FAE04EC0-301F-11D3-BF4B-00C04F79EFBC}") = "exURI1045", "exURI1045.csproj", "{BE6E360B-B1CB-3924-A73B-2DB44EFBA977}"
EndProject
Global
	GlobalSection(SolutionConfigurationPlatforms) = preSolution
		Debug|Any CPU = Debug|Any CPU
		Release|Any CPU = Release|Any CPU
	EndGlobalSection
	GlobalSection(ProjectConfigurationPlatforms) = postSolution
		{BE6E360B-B1CB-3924-A73B-2DB44EFBA977}.Debug|Any CPU.ActiveCfg = Debug|Any CPU
		{BE6E360B-B1CB-3924-A73B-2DB44EFBA977}.Debug|Any CPU.Build.0 = Debug|Any CPU
		{BE6E360B-B1CB-3924-A73B-2DB44EFBA977}.Release|Any CPU.ActiveCfg = Release|Any CPU
		{BE6E360B-B1CB-3924-A73B-2DB44EFBA977}.Release|Any CPU.Build.0 = Release|Any CPU
	EndGlobalSection
	GlobalSection(SolutionProperties) = preSolution
		HideSolutionNode = FALSE
	EndGlobalSection
	GlobalSection(ExtensibilityGlobals) = postSolution
		SolutionGuid = {DFF6880A-6CBD-4ED6-BBA1-52358AAE78DC}
	EndGlobalSection
EndGlobal
