Microsoft Visual Studio Solution File, Format Version 12.00
# Visual Studio Version 17
VisualStudioVersion = 17.5.2.0
MinimumVisualStudioVersion = 10.0.40219.1
Project("{FAE04EC0-301F-11D3-BF4B-00C04F79EFBC}") = "ExercicioExemplo04", "ExercicioExemplo04.csproj", "{45932D48-59A5-F0AF-63F8-AB6CFB0100F3}"
EndProject
Global
	GlobalSection(SolutionConfigurationPlatforms) = preSolution
		Debug|Any CPU = Debug|Any CPU
		Release|Any CPU = Release|Any CPU
	EndGlobalSection
	GlobalSection(ProjectConfigurationPlatforms) = postSolution
		{45932D48-59A5-F0AF-63F8-AB6CFB0100F3}.Debug|Any CPU.ActiveCfg = Debug|Any CPU
		{45932D48-59A5-F0AF-63F8-AB6CFB0100F3}.Debug|Any CPU.Build.0 = Debug|Any CPU
		{45932D48-59A5-F0AF-63F8-AB6CFB0100F3}.Release|Any CPU.ActiveCfg = Release|Any CPU
		{45932D48-59A5-F0AF-63F8-AB6CFB0100F3}.Release|Any CPU.Build.0 = Release|Any CPU
	EndGlobalSection
	GlobalSection(SolutionProperties) = preSolution
		HideSolutionNode = FALSE
	EndGlobalSection
	GlobalSection(ExtensibilityGlobals) = postSolution
		SolutionGuid = {775009D3-289A-4F97-A152-731D6EF1FCCD}
	EndGlobalSection
EndGlobal
